%{
  "connection": {:hex, :connection, "1.0.4", "a1cae72211f0eef17705aaededacac3eb30e6625b04a6117c1b2db6ace7d5976", [:mix], [], "hexpm", "4a0850c9be22a43af9920a71ab17c051f5f7d45c209e40269a1938832510e4d9"},
  "earmark": {:hex, :earmark, "1.4.4", "4821b8d05cda507189d51f2caeef370cf1e18ca5d7dfb7d31e9cafe6688106a4", [:mix], [], "hexpm", "1f93aba7340574847c0f609da787f0d79efcab51b044bb6e242cae5aca9d264d"},
  "ex_doc": {:hex, :ex_doc, "0.22.0", "fb0495cd70849bc4d7bc716d4e740aebfaddb77bb1074addf357912468c831d6", [:mix], [{:earmark, "~> 1.4", [hex: :earmark, repo: "hexpm", optional: false]}, {:makeup_elixir, "~> 0.14", [hex: :makeup_elixir, repo: "hexpm", optional: false]}], "hexpm", "f9b36237b220c8262d561489967b6a604832593f0dc1fb1608662909457e91aa"},
  "gen_stage": {:hex, :gen_stage, "1.0.0", "51c8ae56ff54f9a2a604ca583798c210ad245f415115453b773b621c49776df5", [:mix], [], "hexpm", "1d9fc978db5305ac54e6f5fec7adf80cd893b1000cf78271564c516aa2af7706"},
  "jason": {:hex, :jason, "1.1.2", "b03dedea67a99223a2eaf9f1264ce37154564de899fd3d8b9a21b1a6fd64afe7", [:mix], [{:decimal, "~> 1.0", [hex: :decimal, repo: "hexpm", optional: true]}], "hexpm", "fdf843bca858203ae1de16da2ee206f53416bbda5dc8c9e78f43243de4bc3afe"},
  "makeup": {:hex, :makeup, "1.0.1", "82f332e461dc6c79dbd82fbe2a9c10d48ed07146f0a478286e590c83c52010b5", [:mix], [{:nimble_parsec, "~> 0.5.0", [hex: :nimble_parsec, repo: "hexpm", optional: false]}], "hexpm", "49736fe5b66a08d8575bf5321d716bac5da20c8e6b97714fec2bcd6febcfa1f8"},
  "makeup_elixir": {:hex, :makeup_elixir, "0.14.0", "cf8b7c66ad1cff4c14679698d532f0b5d45a3968ffbcbfd590339cb57742f1ae", [:mix], [{:makeup, "~> 1.0", [hex: :makeup, repo: "hexpm", optional: false]}], "hexpm", "d4b316c7222a85bbaa2fd7c6e90e37e953257ad196dc229505137c5e505e9eff"},
  "mox": {:hex, :mox, "0.5.2", "55a0a5ba9ccc671518d068c8dddd20eeb436909ea79d1799e2209df7eaa98b6c", [:mix], [], "hexpm", "df4310628cd628ee181df93f50ddfd07be3e5ecc30232d3b6aadf30bdfe6092b"},
  "nimble_parsec": {:hex, :nimble_parsec, "0.5.3", "def21c10a9ed70ce22754fdeea0810dafd53c2db3219a0cd54cf5526377af1c6", [:mix], [], "hexpm", "589b5af56f4afca65217a1f3eb3fee7e79b09c40c742fddc1c312b3ac0b3399f"},
  "poolboy": {:hex, :poolboy, "1.5.2", "392b007a1693a64540cead79830443abf5762f5d30cf50bc95cb2c1aaafa006b", [:rebar3], [], "hexpm", "dad79704ce5440f3d5a3681c8590b9dc25d1a561e8f5a9c995281012860901e3"},
  "socket": {:hex, :socket, "0.3.13", "98a2ab20ce17f95fb512c5cadddba32b57273e0d2dba2d2e5f976c5969d0c632", [:mix], [], "hexpm", "f82ea9833ef49dde272e6568ab8aac657a636acb4cf44a7de8a935acb8957c2e"},
}
